// !$*UTF8*$!
{
	archiveVersion = 1;
	classes = {
	};
	objectVersion = 56;
	objects = {

/* Begin PBXBuildFile section */
		CE4D60A12B4DE39E000900A1 /* TikTokCloneApp.swift in Sources */ = {isa = PBXBuildFile; fileRef = CE4D60A02B4DE39E000900A1 /* TikTokCloneApp.swift */; };
		CE4D60A32B4DE39E000900A1 /* ContentView.swift in Sources */ = {isa = PBXBuildFile; fileRef = CE4D60A22B4DE39E000900A1 /* ContentView.swift */; };
		CE4D60A52B4DE3A9000900A1 /* Assets.xcassets in Resources */ = {isa = PBXBuildFile; fileRef = CE4D60A42B4DE3A9000900A1 /* Assets.xcassets */; };
		CE4D60A82B4DE3A9000900A1 /* Preview Assets.xcassets in Resources */ = {isa = PBXBuildFile; fileRef = CE4D60A72B4DE3A9000900A1 /* Preview Assets.xcassets */; };
		CE4D60B22B4DE3A9000900A1 /* TikTokCloneTests.swift in Sources */ = {isa = PBXBuildFile; fileRef = CE4D60B12B4DE3A9000900A1 /* TikTokCloneTests.swift */; };
		CE4D60BC2B4DE3A9000900A1 /* TikTokCloneUITests.swift in Sources */ = {isa = PBXBuildFile; fileRef = CE4D60BB2B4DE3A9000900A1 /* TikTokCloneUITests.swift */; };
		CE4D60BE2B4DE3A9000900A1 /* TikTokCloneUITestsLaunchTests.swift in Sources */ = {isa = PBXBuildFile; fileRef = CE4D60BD2B4DE3A9000900A1 /* TikTokCloneUITestsLaunchTests.swift */; };
		CE4D60DB2B4ECE5B000900A1 /* MainTabView.swift in Sources */ = {isa = PBXBuildFile; fileRef = CE4D60DA2B4ECE5B000900A1 /* MainTabView.swift */; };
		CE4D60DD2B4ED19D000900A1 /* FeedView.swift in Sources */ = {isa = PBXBuildFile; fileRef = CE4D60DC2B4ED19D000900A1 /* FeedView.swift */; };
		CE4D60DF2B4ED3D2000900A1 /* FeedCell.swift in Sources */ = {isa = PBXBuildFile; fileRef = CE4D60DE2B4ED3D2000900A1 /* FeedCell.swift */; };
/* End PBXBuildFile section */

/* Begin PBXContainerItemProxy section */
		CE4D60AE2B4DE3A9000900A1 /* PBXContainerItemProxy */ = {
			isa = PBXContainerItemProxy;
			containerPortal = CE4D60952B4DE39E000900A1 /* Project object */;
			proxyType = 1;
			remoteGlobalIDString = CE4D609C2B4DE39E000900A1;
			remoteInfo = TikTokClone;
		};
		CE4D60B82B4DE3A9000900A1 /* PBXContainerItemProxy */ = {
			isa = PBXContainerItemProxy;
			containerPortal = CE4D60952B4DE39E000900A1 /* Project object */;
			proxyType = 1;
			remoteGlobalIDString = CE4D609C2B4DE39E000900A1;
			remoteInfo = TikTokClone;
		};
/* End PBXContainerItemProxy section */

/* Begin PBXFileReference section */
		CE4D609D2B4DE39E000900A1 /* TikTokClone.app */ = {isa = PBXFileReference; explicitFileType = wrapper.application; includeInIndex = 0; path = TikTokClone.app; sourceTree = BUILT_PRODUCTS_DIR; };
		CE4D60A02B4DE39E000900A1 /* TikTokCloneApp.swift */ = {isa = PBXFileReference; lastKnownFileType = sourcecode.swift; path = TikTokCloneApp.swift; sourceTree = "<group>"; };
		CE4D60A22B4DE39E000900A1 /* ContentView.swift */ = {isa = PBXFileReference; lastKnownFileType = sourcecode.swift; path = ContentView.swift; sourceTree = "<group>"; };
		CE4D60A42B4DE3A9000900A1 /* Assets.xcassets */ = {isa = PBXFileReference; lastKnownFileType = folder.assetcatalog; path = Assets.xcassets; sourceTree = "<group>"; };
		CE4D60A72B4DE3A9000900A1 /* Preview Assets.xcassets */ = {isa = PBXFileReference; lastKnownFileType = folder.assetcatalog; path = "Preview Assets.xcassets"; sourceTree = "<group>"; };
		CE4D60AD2B4DE3A9000900A1 /* TikTokCloneTests.xctest */ = {isa = PBXFileReference; explicitFileType = wrapper.cfbundle; includeInIndex = 0; path = TikTokCloneTests.xctest; sourceTree = BUILT_PRODUCTS_DIR; };
		CE4D60B12B4DE3A9000900A1 /* TikTokCloneTests.swift */ = {isa = PBXFileReference; lastKnownFileType = sourcecode.swift; path = TikTokCloneTests.swift; sourceTree = "<group>"; };
		CE4D60B72B4DE3A9000900A1 /* TikTokCloneUITests.xctest */ = {isa = PBXFileReference; explicitFileType = wrapper.cfbundle; includeInIndex = 0; path = TikTokCloneUITests.xctest; sourceTree = BUILT_PRODUCTS_DIR; };
		CE4D60BB2B4DE3A9000900A1 /* TikTokCloneUITests.swift */ = {isa = PBXFileReference; lastKnownFileType = sourcecode.swift; path = TikTokCloneUITests.swift; sourceTree = "<group>"; };
		CE4D60BD2B4DE3A9000900A1 /* TikTokCloneUITestsLaunchTests.swift */ = {isa = PBXFileReference; lastKnownFileType = sourcecode.swift; path = TikTokCloneUITestsLaunchTests.swift; sourceTree = "<group>"; };
		CE4D60DA2B4ECE5B000900A1 /* MainTabView.swift */ = {isa = PBXFileReference; lastKnownFileType = sourcecode.swift; name = MainTabView.swift; path = ../../../../../MainTabView.swift; sourceTree = "<group>"; };
		CE4D60DC2B4ED19D000900A1 /* FeedView.swift */ = {isa = PBXFileReference; lastKnownFileType = sourcecode.swift; path = FeedView.swift; sourceTree = "<group>"; };
		CE4D60DE2B4ED3D2000900A1 /* FeedCell.swift */ = {isa = PBXFileReference; lastKnownFileType = sourcecode.swift; path = FeedCell.swift; sourceTree = "<group>"; };
/* End PBXFileReference section */

/* Begin PBXFrameworksBuildPhase section */
		CE4D609A2B4DE39E000900A1 /* Frameworks */ = {
			isa = PBXFrameworksBuildPhase;
			buildActionMask = 2147483647;
			files = (
			);
			runOnlyForDeploymentPostprocessing = 0;
		};
		CE4D60AA2B4DE3A9000900A1 /* Frameworks */ = {
			isa = PBXFrameworksBuildPhase;
			buildActionMask = 2147483647;
			files = (
			);
			runOnlyForDeploymentPostprocessing = 0;
		};
		CE4D60B42B4DE3A9000900A1 /* Frameworks */ = {
			isa = PBXFrameworksBuildPhase;
			buildActionMask = 2147483647;
			files = (
			);
			runOnlyForDeploymentPostprocessing = 0;
		};
/* End PBXFrameworksBuildPhase section */

/* Begin PBXGroup section */
		CE4D60942B4DE39E000900A1 = {
			isa = PBXGroup;
			children = (
				CE4D609F2B4DE39E000900A1 /* TikTokClone */,
				CE4D60B02B4DE3A9000900A1 /* TikTokCloneTests */,
				CE4D60BA2B4DE3A9000900A1 /* TikTokCloneUITests */,
				CE4D609E2B4DE39E000900A1 /* Products */,
			);
			sourceTree = "<group>";
		};
		CE4D609E2B4DE39E000900A1 /* Products */ = {
			isa = PBXGroup;
			children = (
				CE4D609D2B4DE39E000900A1 /* TikTokClone.app */,
				CE4D60AD2B4DE3A9000900A1 /* TikTokCloneTests.xctest */,
				CE4D60B72B4DE3A9000900A1 /* TikTokCloneUITests.xctest */,
			);
			name = Products;
			sourceTree = "<group>";
		};
		CE4D609F2B4DE39E000900A1 /* TikTokClone */ = {
			isa = PBXGroup;
			children = (
				CE4D60CF2B4DE3C9000900A1 /* App */,
				CE4D60CE2B4DE3C8000900A1 /* Core */,
				CE4D60CD2B4DE3C6000900A1 /* Extensions */,
				CE4D60CC2B4DE3C3000900A1 /* Models */,
				CE4D60CB2B4DE3C1000900A1 /* Services */,
				CE4D60CA2B4DE3BA000900A1 /* Utils */,
				CE4D60A42B4DE3A9000900A1 /* Assets.xcassets */,
				CE4D60A62B4DE3A9000900A1 /* Preview Content */,
			);
			path = TikTokClone;
			sourceTree = "<group>";
		};
		CE4D60A62B4DE3A9000900A1 /* Preview Content */ = {
			isa = PBXGroup;
			children = (
				CE4D60A72B4DE3A9000900A1 /* Preview Assets.xcassets */,
			);
			path = "Preview Content";
			sourceTree = "<group>";
		};
		CE4D60B02B4DE3A9000900A1 /* TikTokCloneTests */ = {
			isa = PBXGroup;
			children = (
				CE4D60B12B4DE3A9000900A1 /* TikTokCloneTests.swift */,
			);
			path = TikTokCloneTests;
			sourceTree = "<group>";
		};
		CE4D60BA2B4DE3A9000900A1 /* TikTokCloneUITests */ = {
			isa = PBXGroup;
			children = (
				CE4D60BB2B4DE3A9000900A1 /* TikTokCloneUITests.swift */,
				CE4D60BD2B4DE3A9000900A1 /* TikTokCloneUITestsLaunchTests.swift */,
			);
			path = TikTokCloneUITests;
			sourceTree = "<group>";
		};
		CE4D60CA2B4DE3BA000900A1 /* Utils */ = {
			isa = PBXGroup;
			children = (
			);
			path = Utils;
			sourceTree = "<group>";
		};
		CE4D60CB2B4DE3C1000900A1 /* Services */ = {
			isa = PBXGroup;
			children = (
			);
			path = Services;
			sourceTree = "<group>";
		};
		CE4D60CC2B4DE3C3000900A1 /* Models */ = {
			isa = PBXGroup;
			children = (
			);
			name = Models;
			path = "New Group1/Models";
			sourceTree = "<group>";
		};
		CE4D60CD2B4DE3C6000900A1 /* Extensions */ = {
			isa = PBXGroup;
			children = (
			);
			path = Extensions;
			sourceTree = "<group>";
		};
		CE4D60CE2B4DE3C8000900A1 /* Core */ = {
			isa = PBXGroup;
			children = (
				CE4D60D92B4DE417000900A1 /* Authentication */,
				CE4D60D82B4DE417000900A1 /* Comments */,
				CE4D60D72B4DE416000900A1 /* Components */,
				CE4D60D62B4DE415000900A1 /* Feed */,
				CE4D60D52B4DE414000900A1 /* Notifications */,
				CE4D60D42B4DE413000900A1 /* Profile */,
				CE4D60D32B4DE412000900A1 /* Root */,
				CE4D60D22B4DE410000900A1 /* Search */,
				CE4D60D12B4DE40D000900A1 /* Tabbar */,
				CE4D60D02B4DE40C000900A1 /* UploadMedia */,
			);
			path = Core;
			sourceTree = "<group>";
		};
		CE4D60CF2B4DE3C9000900A1 /* App */ = {
			isa = PBXGroup;
			children = (
				CE4D60A02B4DE39E000900A1 /* TikTokCloneApp.swift */,
			);
			path = App;
			sourceTree = "<group>";
		};
		CE4D60D02B4DE40C000900A1 /* UploadMedia */ = {
			isa = PBXGroup;
			children = (
			);
			path = UploadMedia;
			sourceTree = "<group>";
		};
		CE4D60D12B4DE40D000900A1 /* Tabbar */ = {
			isa = PBXGroup;
			children = (
				CE4D60DA2B4ECE5B000900A1 /* MainTabView.swift */,
			);
			name = Tabbar;
			path = "New Group/Tabbar";
			sourceTree = "<group>";
		};
		CE4D60D22B4DE410000900A1 /* Search */ = {
			isa = PBXGroup;
			children = (
			);
			path = Search;
			sourceTree = "<group>";
		};
		CE4D60D32B4DE412000900A1 /* Root */ = {
			isa = PBXGroup;
			children = (
				CE4D60A22B4DE39E000900A1 /* ContentView.swift */,
			);
			path = Root;
			sourceTree = "<group>";
		};
		CE4D60D42B4DE413000900A1 /* Profile */ = {
			isa = PBXGroup;
			children = (
			);
			path = Profile;
			sourceTree = "<group>";
		};
		CE4D60D52B4DE414000900A1 /* Notifications */ = {
			isa = PBXGroup;
			children = (
			);
			path = Notifications;
			sourceTree = "<group>";
		};
		CE4D60D62B4DE415000900A1 /* Feed */ = {
			isa = PBXGroup;
			children = (
				CE4D60DC2B4ED19D000900A1 /* FeedView.swift */,
				CE4D60DE2B4ED3D2000900A1 /* FeedCell.swift */,
			);
			path = Feed;
			sourceTree = "<group>";
		};
		CE4D60D72B4DE416000900A1 /* Components */ = {
			isa = PBXGroup;
			children = (
			);
			path = Components;
			sourceTree = "<group>";
		};
		CE4D60D82B4DE417000900A1 /* Comments */ = {
			isa = PBXGroup;
			children = (
			);
			path = Comments;
			sourceTree = "<group>";
		};
		CE4D60D92B4DE417000900A1 /* Authentication */ = {
			isa = PBXGroup;
			children = (
			);
			path = Authentication;
			sourceTree = "<group>";
		};
/* End PBXGroup section */

/* Begin PBXNativeTarget section */
		CE4D609C2B4DE39E000900A1 /* TikTokClone */ = {
			isa = PBXNativeTarget;
			buildConfigurationList = CE4D60C12B4DE3A9000900A1 /* Build configuration list for PBXNativeTarget "TikTokClone" */;
			buildPhases = (
				CE4D60992B4DE39E000900A1 /* Sources */,
				CE4D609A2B4DE39E000900A1 /* Frameworks */,
				CE4D609B2B4DE39E000900A1 /* Resources */,
			);
			buildRules = (
			);
			dependencies = (
			);
			name = TikTokClone;
			productName = TikTokClone;
			productReference = CE4D609D2B4DE39E000900A1 /* TikTokClone.app */;
			productType = "com.apple.product-type.application";
		};
		CE4D60AC2B4DE3A9000900A1 /* TikTokCloneTests */ = {
			isa = PBXNativeTarget;
			buildConfigurationList = CE4D60C42B4DE3A9000900A1 /* Build configuration list for PBXNativeTarget "TikTokCloneTests" */;
			buildPhases = (
				CE4D60A92B4DE3A9000900A1 /* Sources */,
				CE4D60AA2B4DE3A9000900A1 /* Frameworks */,
				CE4D60AB2B4DE3A9000900A1 /* Resources */,
			);
			buildRules = (
			);
			dependencies = (
				CE4D60AF2B4DE3A9000900A1 /* PBXTargetDependency */,
			);
			name = TikTokCloneTests;
			productName = TikTokCloneTests;
			productReference = CE4D60AD2B4DE3A9000900A1 /* TikTokCloneTests.xctest */;
			productType = "com.apple.product-type.bundle.unit-test";
		};
		CE4D60B62B4DE3A9000900A1 /* TikTokCloneUITests */ = {
			isa = PBXNativeTarget;
			buildConfigurationList = CE4D60C72B4DE3A9000900A1 /* Build configuration list for PBXNativeTarget "TikTokCloneUITests" */;
			buildPhases = (
				CE4D60B32B4DE3A9000900A1 /* Sources */,
				CE4D60B42B4DE3A9000900A1 /* Frameworks */,
				CE4D60B52B4DE3A9000900A1 /* Resources */,
			);
			buildRules = (
			);
			dependencies = (
				CE4D60B92B4DE3A9000900A1 /* PBXTargetDependency */,
			);
			name = TikTokCloneUITests;
			productName = TikTokCloneUITests;
			productReference = CE4D60B72B4DE3A9000900A1 /* TikTokCloneUITests.xctest */;
			productType = "com.apple.product-type.bundle.ui-testing";
		};
/* End PBXNativeTarget section */

/* Begin PBXProject section */
		CE4D60952B4DE39E000900A1 /* Project object */ = {
			isa = PBXProject;
			attributes = {
				BuildIndependentTargetsInParallel = 1;
				LastSwiftUpdateCheck = 1500;
				LastUpgradeCheck = 1500;
				TargetAttributes = {
					CE4D609C2B4DE39E000900A1 = {
						CreatedOnToolsVersion = 15.0.1;
					};
					CE4D60AC2B4DE3A9000900A1 = {
						CreatedOnToolsVersion = 15.0.1;
						TestTargetID = CE4D609C2B4DE39E000900A1;
					};
					CE4D60B62B4DE3A9000900A1 = {
						CreatedOnToolsVersion = 15.0.1;
						TestTargetID = CE4D609C2B4DE39E000900A1;
					};
				};
			};
			buildConfigurationList = CE4D60982B4DE39E000900A1 /* Build configuration list for PBXProject "TikTokClone" */;
			compatibilityVersion = "Xcode 14.0";
			developmentRegion = en;
			hasScannedForEncodings = 0;
			knownRegions = (
				en,
				Base,
			);
			mainGroup = CE4D60942B4DE39E000900A1;
			productRefGroup = CE4D609E2B4DE39E000900A1 /* Products */;
			projectDirPath = "";
			projectRoot = "";
			targets = (
				CE4D609C2B4DE39E000900A1 /* TikTokClone */,
				CE4D60AC2B4DE3A9000900A1 /* TikTokCloneTests */,
				CE4D60B62B4DE3A9000900A1 /* TikTokCloneUITests */,
			);
		};
/* End PBXProject section */

/* Begin PBXResourcesBuildPhase section */
		CE4D609B2B4DE39E000900A1 /* Resources */ = {
			isa = PBXResourcesBuildPhase;
			buildActionMask = 2147483647;
			files = (
				CE4D60A82B4DE3A9000900A1 /* Preview Assets.xcassets in Resources */,
				CE4D60A52B4DE3A9000900A1 /* Assets.xcassets in Resources */,
			);
			runOnlyForDeploymentPostprocessing = 0;
		};
		CE4D60AB2B4DE3A9000900A1 /* Resources */ = {
			isa = PBXResourcesBuildPhase;
			buildActionMask = 2147483647;
			files = (
			);
			runOnlyForDeploymentPostprocessing = 0;
		};
		CE4D60B52B4DE3A9000900A1 /* Resources */ = {
			isa = PBXResourcesBuildPhase;
			buildActionMask = 2147483647;
			files = (
			);
			runOnlyForDeploymentPostprocessing = 0;
		};
/* End PBXResourcesBuildPhase section */

/* Begin PBXSourcesBuildPhase section */
		CE4D60992B4DE39E000900A1 /* Sources */ = {
			isa = PBXSourcesBuildPhase;
			buildActionMask = 2147483647;
			files = (
				CE4D60DD2B4ED19D000900A1 /* FeedView.swift in Sources */,
				CE4D60DF2B4ED3D2000900A1 /* FeedCell.swift in Sources */,
				CE4D60A32B4DE39E000900A1 /* ContentView.swift in Sources */,
				CE4D60A12B4DE39E000900A1 /* TikTokCloneApp.swift in Sources */,
				CE4D60DB2B4ECE5B000900A1 /* MainTabView.swift in Sources */,
			);
			runOnlyForDeploymentPostprocessing = 0;
		};
		CE4D60A92B4DE3A9000900A1 /* Sources */ = {
			isa = PBXSourcesBuildPhase;
			buildActionMask = 2147483647;
			files = (
				CE4D60B22B4DE3A9000900A1 /* TikTokCloneTests.swift in Sources */,
			);
			runOnlyForDeploymentPostprocessing = 0;
		};
		CE4D60B32B4DE3A9000900A1 /* Sources */ = {
			isa = PBXSourcesBuildPhase;
			buildActionMask = 2147483647;
			files = (
				CE4D60BE2B4DE3A9000900A1 /* TikTokCloneUITestsLaunchTests.swift in Sources */,
				CE4D60BC2B4DE3A9000900A1 /* TikTokCloneUITests.swift in Sources */,
			);
			runOnlyForDeploymentPostprocessing = 0;
		};
/* End PBXSourcesBuildPhase section */

/* Begin PBXTargetDependency section */
		CE4D60AF2B4DE3A9000900A1 /* PBXTargetDependency */ = {
			isa = PBXTargetDependency;
			target = CE4D609C2B4DE39E000900A1 /* TikTokClone */;
			targetProxy = CE4D60AE2B4DE3A9000900A1 /* PBXContainerItemProxy */;
		};
		CE4D60B92B4DE3A9000900A1 /* PBXTargetDependency */ = {
			isa = PBXTargetDependency;
			target = CE4D609C2B4DE39E000900A1 /* TikTokClone */;
			targetProxy = CE4D60B82B4DE3A9000900A1 /* PBXContainerItemProxy */;
		};
/* End PBXTargetDependency section */

/* Begin XCBuildConfiguration section */
		CE4D60BF2B4DE3A9000900A1 /* Debug */ = {
			isa = XCBuildConfiguration;
			buildSettings = {
				ALWAYS_SEARCH_USER_PATHS = NO;
				ASSETCATALOG_COMPILER_GENERATE_SWIFT_ASSET_SYMBOL_EXTENSIONS = YES;
				CLANG_ANALYZER_NONNULL = YES;
				CLANG_ANALYZER_NUMBER_OBJECT_CONVERSION = YES_AGGRESSIVE;
				CLANG_CXX_LANGUAGE_STANDARD = "gnu++20";
				CLANG_ENABLE_MODULES = YES;
				CLANG_ENABLE_OBJC_ARC = YES;
				CLANG_ENABLE_OBJC_WEAK = YES;
				CLANG_WARN_BLOCK_CAPTURE_AUTORELEASING = YES;
				CLANG_WARN_BOOL_CONVERSION = YES;
				CLANG_WARN_COMMA = YES;
				CLANG_WARN_CONSTANT_CONVERSION = YES;
				CLANG_WARN_DEPRECATED_OBJC_IMPLEMENTATIONS = YES;
				CLANG_WARN_DIRECT_OBJC_ISA_USAGE = YES_ERROR;
				CLANG_WARN_DOCUMENTATION_COMMENTS = YES;
				CLANG_WARN_EMPTY_BODY = YES;
				CLANG_WARN_ENUM_CONVERSION = YES;
				CLANG_WARN_INFINITE_RECURSION = YES;
				CLANG_WARN_INT_CONVERSION = YES;
				CLANG_WARN_NON_LITERAL_NULL_CONVERSION = YES;
				CLANG_WARN_OBJC_IMPLICIT_RETAIN_SELF = YES;
				CLANG_WARN_OBJC_LITERAL_CONVERSION = YES;
				CLANG_WARN_OBJC_ROOT_CLASS = YES_ERROR;
				CLANG_WARN_QUOTED_INCLUDE_IN_FRAMEWORK_HEADER = YES;
				CLANG_WARN_RANGE_LOOP_ANALYSIS = YES;
				CLANG_WARN_STRICT_PROTOTYPES = YES;
				CLANG_WARN_SUSPICIOUS_MOVE = YES;
				CLANG_WARN_UNGUARDED_AVAILABILITY = YES_AGGRESSIVE;
				CLANG_WARN_UNREACHABLE_CODE = YES;
				CLANG_WARN__DUPLICATE_METHOD_MATCH = YES;
				COPY_PHASE_STRIP = NO;
				DEBUG_INFORMATION_FORMAT = dwarf;
				ENABLE_STRICT_OBJC_MSGSEND = YES;
				ENABLE_TESTABILITY = YES;
				ENABLE_USER_SCRIPT_SANDBOXING = YES;
				GCC_C_LANGUAGE_STANDARD = gnu17;
				GCC_DYNAMIC_NO_PIC = NO;
				GCC_NO_COMMON_BLOCKS = YES;
				GCC_OPTIMIZATION_LEVEL = 0;
				GCC_PREPROCESSOR_DEFINITIONS = (
					"DEBUG=1",
					"$(inherited)",
				);
				GCC_WARN_64_TO_32_BIT_CONVERSION = YES;
				GCC_WARN_ABOUT_RETURN_TYPE = YES_ERROR;
				GCC_WARN_UNDECLARED_SELECTOR = YES;
				GCC_WARN_UNINITIALIZED_AUTOS = YES_AGGRESSIVE;
				GCC_WARN_UNUSED_FUNCTION = YES;
				GCC_WARN_UNUSED_VARIABLE = YES;
				IPHONEOS_DEPLOYMENT_TARGET = 17.0;
				LOCALIZATION_PREFERS_STRING_CATALOGS = YES;
				MTL_ENABLE_DEBUG_INFO = INCLUDE_SOURCE;
				MTL_FAST_MATH = YES;
				ONLY_ACTIVE_ARCH = YES;
				SDKROOT = iphoneos;
				SWIFT_ACTIVE_COMPILATION_CONDITIONS = "DEBUG $(inherited)";
				SWIFT_OPTIMIZATION_LEVEL = "-Onone";
			};
			name = Debug;
		};
		CE4D60C02B4DE3A9000900A1 /* Release */ = {
			isa = XCBuildConfiguration;
			buildSettings = {
				ALWAYS_SEARCH_USER_PATHS = NO;
				ASSETCATALOG_COMPILER_GENERATE_SWIFT_ASSET_SYMBOL_EXTENSIONS = YES;
				CLANG_ANALYZER_NONNULL = YES;
				CLANG_ANALYZER_NUMBER_OBJECT_CONVERSION = YES_AGGRESSIVE;
				CLANG_CXX_LANGUAGE_STANDARD = "gnu++20";
				CLANG_ENABLE_MODULES = YES;
				CLANG_ENABLE_OBJC_ARC = YES;
				CLANG_ENABLE_OBJC_WEAK = YES;
				CLANG_WARN_BLOCK_CAPTURE_AUTORELEASING = YES;
				CLANG_WARN_BOOL_CONVERSION = YES;
				CLANG_WARN_COMMA = YES;
				CLANG_WARN_CONSTANT_CONVERSION = YES;
				CLANG_WARN_DEPRECATED_OBJC_IMPLEMENTATIONS = YES;
				CLANG_WARN_DIRECT_OBJC_ISA_USAGE = YES_ERROR;
				CLANG_WARN_DOCUMENTATION_COMMENTS = YES;
				CLANG_WARN_EMPTY_BODY = YES;
				CLANG_WARN_ENUM_CONVERSION = YES;
				CLANG_WARN_INFINITE_RECURSION = YES;
				CLANG_WARN_INT_CONVERSION = YES;
				CLANG_WARN_NON_LITERAL_NULL_CONVERSION = YES;
				CLANG_WARN_OBJC_IMPLICIT_RETAIN_SELF = YES;
				CLANG_WARN_OBJC_LITERAL_CONVERSION = YES;
				CLANG_WARN_OBJC_ROOT_CLASS = YES_ERROR;
				CLANG_WARN_QUOTED_INCLUDE_IN_FRAMEWORK_HEADER = YES;
				CLANG_WARN_RANGE_LOOP_ANALYSIS = YES;
				CLANG_WARN_STRICT_PROTOTYPES = YES;
				CLANG_WARN_SUSPICIOUS_MOVE = YES;
				CLANG_WARN_UNGUARDED_AVAILABILITY = YES_AGGRESSIVE;
				CLANG_WARN_UNREACHABLE_CODE = YES;
				CLANG_WARN__DUPLICATE_METHOD_MATCH = YES;
				COPY_PHASE_STRIP = NO;
				DEBUG_INFORMATION_FORMAT = "dwarf-with-dsym";
				ENABLE_NS_ASSERTIONS = NO;
				ENABLE_STRICT_OBJC_MSGSEND = YES;
				ENABLE_USER_SCRIPT_SANDBOXING = YES;
				GCC_C_LANGUAGE_STANDARD = gnu17;
				GCC_NO_COMMON_BLOCKS = YES;
				GCC_WARN_64_TO_32_BIT_CONVERSION = YES;
				GCC_WARN_ABOUT_RETURN_TYPE = YES_ERROR;
				GCC_WARN_UNDECLARED_SELECTOR = YES;
				GCC_WARN_UNINITIALIZED_AUTOS = YES_AGGRESSIVE;
				GCC_WARN_UNUSED_FUNCTION = YES;
				GCC_WARN_UNUSED_VARIABLE = YES;
				IPHONEOS_DEPLOYMENT_TARGET = 17.0;
				LOCALIZATION_PREFERS_STRING_CATALOGS = YES;
				MTL_ENABLE_DEBUG_INFO = NO;
				MTL_FAST_MATH = YES;
				SDKROOT = iphoneos;
				SWIFT_COMPILATION_MODE = wholemodule;
				VALIDATE_PRODUCT = YES;
			};
			name = Release;
		};
		CE4D60C22B4DE3A9000900A1 /* Debug */ = {
			isa = XCBuildConfiguration;
			buildSettings = {
				ASSETCATALOG_COMPILER_APPICON_NAME = AppIcon;
				ASSETCATALOG_COMPILER_GLOBAL_ACCENT_COLOR_NAME = AccentColor;
				CODE_SIGN_STYLE = Automatic;
				CURRENT_PROJECT_VERSION = 1;
				DEVELOPMENT_ASSET_PATHS = "\"TikTokClone/Preview Content\"";
				ENABLE_PREVIEWS = YES;
				GENERATE_INFOPLIST_FILE = YES;
				INFOPLIST_KEY_UIApplicationSceneManifest_Generation = YES;
				INFOPLIST_KEY_UIApplicationSupportsIndirectInputEvents = YES;
				INFOPLIST_KEY_UILaunchScreen_Generation = YES;
				INFOPLIST_KEY_UISupportedInterfaceOrientations_iPad = "UIInterfaceOrientationPortrait UIInterfaceOrientationPortraitUpsideDown UIInterfaceOrientationLandscapeLeft UIInterfaceOrientationLandscapeRight";
				INFOPLIST_KEY_UISupportedInterfaceOrientations_iPhone = "UIInterfaceOrientationPortrait UIInterfaceOrientationLandscapeLeft UIInterfaceOrientationLandscapeRight";
				LD_RUNPATH_SEARCH_PATHS = (
					"$(inherited)",
					"@executable_path/Frameworks",
				);
				MARKETING_VERSION = 1.0;
				PRODUCT_BUNDLE_IDENTIFIER = mjanneau.tiktok.com.TikTokClone;
				PRODUCT_NAME = "$(TARGET_NAME)";
				SWIFT_EMIT_LOC_STRINGS = YES;
				SWIFT_VERSION = 5.0;
				TARGETED_DEVICE_FAMILY = "1,2";
			};
			name = Debug;
		};
		CE4D60C32B4DE3A9000900A1 /* Release */ = {
			isa = XCBuildConfiguration;
			buildSettings = {
				ASSETCATALOG_COMPILER_APPICON_NAME = AppIcon;
				ASSETCATALOG_COMPILER_GLOBAL_ACCENT_COLOR_NAME = AccentColor;
				CODE_SIGN_STYLE = Automatic;
				CURRENT_PROJECT_VERSION = 1;
				DEVELOPMENT_ASSET_PATHS = "\"TikTokClone/Preview Content\"";
				ENABLE_PREVIEWS = YES;
				GENERATE_INFOPLIST_FILE = YES;
				INFOPLIST_KEY_UIApplicationSceneManifest_Generation = YES;
				INFOPLIST_KEY_UIApplicationSupportsIndirectInputEvents = YES;
				INFOPLIST_KEY_UILaunchScreen_Generation = YES;
				INFOPLIST_KEY_UISupportedInterfaceOrientations_iPad = "UIInterfaceOrientationPortrait UIInterfaceOrientationPortraitUpsideDown UIInterfaceOrientationLandscapeLeft UIInterfaceOrientationLandscapeRight";
				INFOPLIST_KEY_UISupportedInterfaceOrientations_iPhone = "UIInterfaceOrientationPortrait UIInterfaceOrientationLandscapeLeft UIInterfaceOrientationLandscapeRight";
				LD_RUNPATH_SEARCH_PATHS = (
					"$(inherited)",
					"@executable_path/Frameworks",
				);
				MARKETING_VERSION = 1.0;
				PRODUCT_BUNDLE_IDENTIFIER = mjanneau.tiktok.com.TikTokClone;
				PRODUCT_NAME = "$(TARGET_NAME)";
				SWIFT_EMIT_LOC_STRINGS = YES;
				SWIFT_VERSION = 5.0;
				TARGETED_DEVICE_FAMILY = "1,2";
			};
			name = Release;
		};
		CE4D60C52B4DE3A9000900A1 /* Debug */ = {
			isa = XCBuildConfiguration;
			buildSettings = {
				ALWAYS_EMBED_SWIFT_STANDARD_LIBRARIES = YES;
				BUNDLE_LOADER = "$(TEST_HOST)";
				CODE_SIGN_STYLE = Automatic;
				CURRENT_PROJECT_VERSION = 1;
				GENERATE_INFOPLIST_FILE = YES;
				IPHONEOS_DEPLOYMENT_TARGET = 17.0;
				MARKETING_VERSION = 1.0;
				PRODUCT_BUNDLE_IDENTIFIER = mjanneau.tiktok.com.TikTokCloneTests;
				PRODUCT_NAME = "$(TARGET_NAME)";
				SWIFT_EMIT_LOC_STRINGS = NO;
				SWIFT_VERSION = 5.0;
				TARGETED_DEVICE_FAMILY = "1,2";
				TEST_HOST = "$(BUILT_PRODUCTS_DIR)/TikTokClone.app/$(BUNDLE_EXECUTABLE_FOLDER_PATH)/TikTokClone";
			};
			name = Debug;
		};
		CE4D60C62B4DE3A9000900A1 /* Release */ = {
			isa = XCBuildConfiguration;
			buildSettings = {
				ALWAYS_EMBED_SWIFT_STANDARD_LIBRARIES = YES;
				BUNDLE_LOADER = "$(TEST_HOST)";
				CODE_SIGN_STYLE = Automatic;
				CURRENT_PROJECT_VERSION = 1;
				GENERATE_INFOPLIST_FILE = YES;
				IPHONEOS_DEPLOYMENT_TARGET = 17.0;
				MARKETING_VERSION = 1.0;
				PRODUCT_BUNDLE_IDENTIFIER = mjanneau.tiktok.com.TikTokCloneTests;
				PRODUCT_NAME = "$(TARGET_NAME)";
				SWIFT_EMIT_LOC_STRINGS = NO;
				SWIFT_VERSION = 5.0;
				TARGETED_DEVICE_FAMILY = "1,2";
				TEST_HOST = "$(BUILT_PRODUCTS_DIR)/TikTokClone.app/$(BUNDLE_EXECUTABLE_FOLDER_PATH)/TikTokClone";
			};
			name = Release;
		};
		CE4D60C82B4DE3A9000900A1 /* Debug */ = {
			isa = XCBuildConfiguration;
			buildSettings = {
				ALWAYS_EMBED_SWIFT_STANDARD_LIBRARIES = YES;
				CODE_SIGN_STYLE = Automatic;
				CURRENT_PROJECT_VERSION = 1;
				GENERATE_INFOPLIST_FILE = YES;
				MARKETING_VERSION = 1.0;
				PRODUCT_BUNDLE_IDENTIFIER = mjanneau.tiktok.com.TikTokCloneUITests;
				PRODUCT_NAME = "$(TARGET_NAME)";
				SWIFT_EMIT_LOC_STRINGS = NO;
				SWIFT_VERSION = 5.0;
				TARGETED_DEVICE_FAMILY = "1,2";
				TEST_TARGET_NAME = TikTokClone;
			};
			name = Debug;
		};
		CE4D60C92B4DE3A9000900A1 /* Release */ = {
			isa = XCBuildConfiguration;
			buildSettings = {
				ALWAYS_EMBED_SWIFT_STANDARD_LIBRARIES = YES;
				CODE_SIGN_STYLE = Automatic;
				CURRENT_PROJECT_VERSION = 1;
				GENERATE_INFOPLIST_FILE = YES;
				MARKETING_VERSION = 1.0;
				PRODUCT_BUNDLE_IDENTIFIER = mjanneau.tiktok.com.TikTokCloneUITests;
				PRODUCT_NAME = "$(TARGET_NAME)";
				SWIFT_EMIT_LOC_STRINGS = NO;
				SWIFT_VERSION = 5.0;
				TARGETED_DEVICE_FAMILY = "1,2";
				TEST_TARGET_NAME = TikTokClone;
			};
			name = Release;
		};
/* End XCBuildConfiguration section */

/* Begin XCConfigurationList section */
		CE4D60982B4DE39E000900A1 /* Build configuration list for PBXProject "TikTokClone" */ = {
			isa = XCConfigurationList;
			buildConfigurations = (
				CE4D60BF2B4DE3A9000900A1 /* Debug */,
				CE4D60C02B4DE3A9000900A1 /* Release */,
			);
			defaultConfigurationIsVisible = 0;
			defaultConfigurationName = Release;
		};
		CE4D60C12B4DE3A9000900A1 /* Build configuration list for PBXNativeTarget "TikTokClone" */ = {
			isa = XCConfigurationList;
			buildConfigurations = (
				CE4D60C22B4DE3A9000900A1 /* Debug */,
				CE4D60C32B4DE3A9000900A1 /* Release */,
			);
			defaultConfigurationIsVisible = 0;
			defaultConfigurationName = Release;
		};
		CE4D60C42B4DE3A9000900A1 /* Build configuration list for PBXNativeTarget "TikTokCloneTests" */ = {
			isa = XCConfigurationList;
			buildConfigurations = (
				CE4D60C52B4DE3A9000900A1 /* Debug */,
				CE4D60C62B4DE3A9000900A1 /* Release */,
			);
			defaultConfigurationIsVisible = 0;
			defaultConfigurationName = Release;
		};
		CE4D60C72B4DE3A9000900A1 /* Build configuration list for PBXNativeTarget "TikTokCloneUITests" */ = {
			isa = XCConfigurationList;
			buildConfigurations = (
				CE4D60C82B4DE3A9000900A1 /* Debug */,
				CE4D60C92B4DE3A9000900A1 /* Release */,
			);
			defaultConfigurationIsVisible = 0;
			defaultConfigurationName = Release;
		};
/* End XCConfigurationList section */
	};
	rootObject = CE4D60952B4DE39E000900A1 /* Project object */;
}
